
Microsoft Visual Studio Solution File, Format Version 12.00
# Visual Studio Version 17
VisualStudioVersion = 17.6.33723.286
MinimumVisualStudioVersion = 10.0.40219.1
Project("{FAE04EC0-301F-11D3-BF4B-00C04F79EFBC}") = "File_Copier", "File_Copier\File_Copier.csproj", "{F243DC78-2BC8-4CF9-870D-85BFD9D8E9B6}"
EndProject
Global
	GlobalSection(SolutionConfigurationPlatforms) = preSolution
		Debug|Any CPU = Debug|Any CPU
		Release|Any CPU = Release|Any CPU
	EndGlobalSection
	GlobalSection(ProjectConfigurationPlatforms) = postSolution
		{F243DC78-2BC8-4CF9-870D-85BFD9D8E9B6}.Debug|Any CPU.ActiveCfg = Debug|Any CPU
		{F243DC78-2BC8-4CF9-870D-85BFD9D8E9B6}.Debug|Any CPU.Build.0 = Debug|Any CPU
		{F243DC78-2BC8-4CF9-870D-85BFD9D8E9B6}.Release|Any CPU.ActiveCfg = Release|Any CPU
		{F243DC78-2BC8-4CF9-870D-85BFD9D8E9B6}.Release|Any CPU.Build.0 = Release|Any CPU
	EndGlobalSection
	GlobalSection(SolutionProperties) = preSolution
		HideSolutionNode = FALSE
	EndGlobalSection
	GlobalSection(ExtensibilityGlobals) = postSolution
		SolutionGuid = {5E9DA1EB-69FE-40F5-AD61-33571A754AFC}
	EndGlobalSection
EndGlobal
